
Microsoft Visual Studio Solution File, Format Version 12.00
# Visual Studio Version 16
VisualStudioVersion = 16.0.31313.79
MinimumVisualStudioVersion = 10.0.40219.1
Project("{FAE04EC0-301F-11D3-BF4B-00C04F79EFBC}") = "Shooping", "Shooping.csproj", "{771B854D-9EC8-4B21-859E-98025135C25D}"
EndProject
Global
	GlobalSection(SolutionConfigurationPlatforms) = preSolution
		Debug|Any CPU = Debug|Any CPU
		Release|Any CPU = Release|Any CPU
	EndGlobalSection
	GlobalSection(ProjectConfigurationPlatforms) = postSolution
		{771B854D-9EC8-4B21-859E-98025135C25D}.Debug|Any CPU.ActiveCfg = Debug|Any CPU
		{771B854D-9EC8-4B21-859E-98025135C25D}.Debug|Any CPU.Build.0 = Debug|Any CPU
		{771B854D-9EC8-4B21-859E-98025135C25D}.Release|Any CPU.ActiveCfg = Release|Any CPU
		{771B854D-9EC8-4B21-859E-98025135C25D}.Release|Any CPU.Build.0 = Release|Any CPU
	EndGlobalSection
	GlobalSection(SolutionProperties) = preSolution
		HideSolutionNode = FALSE
	EndGlobalSection
	GlobalSection(ExtensibilityGlobals) = postSolution
		SolutionGuid = {394C15A4-F431-45E4-97F7-212AE0055874}
	EndGlobalSection
EndGlobal
